
Microsoft Visual Studio Solution File, Format Version 12.00
# Visual Studio Version 17
VisualStudioVersion = 17.4.33403.182
MinimumVisualStudioVersion = 10.0.40219.1
Project("{FAE04EC0-301F-11D3-BF4B-00C04F79EFBC}") = "SR.Pattern", "SR.Pattern\SR.Pattern.csproj", "{115CA12F-75A8-4605-ACB9-D21F430D7E11}"
EndProject
Global
	GlobalSection(SolutionConfigurationPlatforms) = preSolution
		Debug|Any CPU = Debug|Any CPU
		Release|Any CPU = Release|Any CPU
	EndGlobalSection
	GlobalSection(ProjectConfigurationPlatforms) = postSolution
		{115CA12F-75A8-4605-ACB9-D21F430D7E11}.Debug|Any CPU.ActiveCfg = Debug|Any CPU
		{115CA12F-75A8-4605-ACB9-D21F430D7E11}.Debug|Any CPU.Build.0 = Debug|Any CPU
		{115CA12F-75A8-4605-ACB9-D21F430D7E11}.Release|Any CPU.ActiveCfg = Release|Any CPU
		{115CA12F-75A8-4605-ACB9-D21F430D7E11}.Release|Any CPU.Build.0 = Release|Any CPU
	EndGlobalSection
	GlobalSection(SolutionProperties) = preSolution
		HideSolutionNode = FALSE
	EndGlobalSection
	GlobalSection(ExtensibilityGlobals) = postSolution
		SolutionGuid = {61050F8B-562B-4580-AE0A-5E90D97A5102}
	EndGlobalSection
EndGlobal
